# Generated by pub
# See http://pub.dartlang.org/doc/glossary.html#lockfile

{"packages":{"stagexl":{"version":"0.7.4","source":"git","description":{"url":"https://github.com/bp74/StageXL.git","ref":null,"resolved-ref":"c16c5f9aa2eaa340afc1c5f47763f502d5a4e67a"}},"browser":{"version":"0.4.4+4","source":"hosted","description":"browser"},"meta":{"version":"0.4.4+4","source":"hosted","description":"meta"}}}
